*** Begin Patch
*** Update File: ios/Runner.xcodeproj/project.pbxproj
@@
-                IPHONEOS_DEPLOYMENT_TARGET = 12.0;
+                IPHONEOS_DEPLOYMENT_TARGET = 15.0;
@@
-                IPHONEOS_DEPLOYMENT_TARGET = 12.0;
+                IPHONEOS_DEPLOYMENT_TARGET = 15.0;
@@
-                IPHONEOS_DEPLOYMENT_TARGET = 12.0;
+                IPHONEOS_DEPLOYMENT_TARGET = 15.0;
*** End Patch
